
Microsoft Visual Studio Solution File, Format Version 12.00
# Visual Studio Version 17
VisualStudioVersion = 17.5.33530.505
MinimumVisualStudioVersion = 10.0.40219.1
Project("{FAE04EC0-301F-11D3-BF4B-00C04F79EFBC}") = "BlazorAppBrowser", "BlazorAppBrowser\BlazorAppBrowser.csproj", "{47C1CA2E-A317-49A2-A3CC-B3C774F1A9DB}"
EndProject
Global
	GlobalSection(SolutionConfigurationPlatforms) = preSolution
		Debug|Any CPU = Debug|Any CPU
		Release|Any CPU = Release|Any CPU
	EndGlobalSection
	GlobalSection(ProjectConfigurationPlatforms) = postSolution
		{47C1CA2E-A317-49A2-A3CC-B3C774F1A9DB}.Debug|Any CPU.ActiveCfg = Debug|Any CPU
		{47C1CA2E-A317-49A2-A3CC-B3C774F1A9DB}.Debug|Any CPU.Build.0 = Debug|Any CPU
		{47C1CA2E-A317-49A2-A3CC-B3C774F1A9DB}.Release|Any CPU.ActiveCfg = Release|Any CPU
		{47C1CA2E-A317-49A2-A3CC-B3C774F1A9DB}.Release|Any CPU.Build.0 = Release|Any CPU
	EndGlobalSection
	GlobalSection(SolutionProperties) = preSolution
		HideSolutionNode = FALSE
	EndGlobalSection
	GlobalSection(ExtensibilityGlobals) = postSolution
		SolutionGuid = {ED286BB3-ED1B-4A2B-840A-DD045275E220}
	EndGlobalSection
EndGlobal
